
Microsoft Visual Studio Solution File, Format Version 12.00
# Visual Studio Version 16
VisualStudioVersion = 16.0.29411.108
MinimumVisualStudioVersion = 10.0.40219.1
Project("{9A19103F-16F7-4668-BE54-9A1E7A4F7556}") = "DepartamentoDePolicia.Dominio", "Dominio\DepartamentoDePolicia.Dominio.csproj", "{CA8BD294-CA85-4F23-904D-29D77B83F521}"
EndProject
Project("{9A19103F-16F7-4668-BE54-9A1E7A4F7556}") = "DepartamentoDePolicia.Infra", "Infra\DepartamentoDePolicia.Infra.csproj", "{3F499914-05BF-4233-BA40-F28C60495112}"
EndProject
Project("{9A19103F-16F7-4668-BE54-9A1E7A4F7556}") = "DepartamentoDePolicia.API", "API\DepartamentoDePolicia.API.csproj", "{008729BF-E910-40F5-B64E-97D2281C794F}"
EndProject
Project("{2150E333-8FDC-42A3-9474-1A3956D46DE8}") = "src", "src", "{31DF00D8-B8D2-4C01-86D0-2E06F35644BE}"
EndProject
Project("{2150E333-8FDC-42A3-9474-1A3956D46DE8}") = "Testes", "Testes", "{5D43C467-27E3-473C-9BF5-8DFEC853EC86}"
EndProject
Project("{9A19103F-16F7-4668-BE54-9A1E7A4F7556}") = "DepartamentoDePolicia.Testes", "Dominio.Testes\DepartamentoDePolicia.Testes.csproj", "{8A0CE93C-A8D0-48EE-94DF-6689BF76E046}"
EndProject
Project("{2150E333-8FDC-42A3-9474-1A3956D46DE8}") = "Dominio", "Dominio", "{6D785CB3-7496-449B-B01B-B4A141A1E81D}"
EndProject
Project("{2150E333-8FDC-42A3-9474-1A3956D46DE8}") = "Apresentacao", "Apresentacao", "{C8890991-0E35-499E-A0DF-1EE8F461C0B5}"
EndProject
Project("{2150E333-8FDC-42A3-9474-1A3956D46DE8}") = "Infra", "Infra", "{BC1AF5DA-E95B-4F65-8C3D-3A5B01A5443E}"
EndProject
Project("{9A19103F-16F7-4668-BE54-9A1E7A4F7556}") = "DepartamentoDePolicia.Aplicacao", "Aplicacao\DepartamentoDePolicia.Aplicacao.csproj", "{3F8F629D-F746-4F7F-8CCC-D25FC3130E25}"
EndProject
Project("{2150E333-8FDC-42A3-9474-1A3956D46DE8}") = "Aplicacao", "Aplicacao", "{E0B6EA46-7173-43ED-A9FB-01DF0AAB39C6}"
EndProject
Project("{9A19103F-16F7-4668-BE54-9A1E7A4F7556}") = "DepartamentoDePolicia.Infra.Migrations", "Infra.Migrations\DepartamentoDePolicia.Infra.Migrations.csproj", "{4DA3A138-E57E-4EE2-A3C7-E1C2AFE155E2}"
EndProject
Global
	GlobalSection(SolutionConfigurationPlatforms) = preSolution
		Debug|Any CPU = Debug|Any CPU
		Release|Any CPU = Release|Any CPU
	EndGlobalSection
	GlobalSection(ProjectConfigurationPlatforms) = postSolution
		{CA8BD294-CA85-4F23-904D-29D77B83F521}.Debug|Any CPU.ActiveCfg = Debug|Any CPU
		{CA8BD294-CA85-4F23-904D-29D77B83F521}.Debug|Any CPU.Build.0 = Debug|Any CPU
		{CA8BD294-CA85-4F23-904D-29D77B83F521}.Release|Any CPU.ActiveCfg = Release|Any CPU
		{CA8BD294-CA85-4F23-904D-29D77B83F521}.Release|Any CPU.Build.0 = Release|Any CPU
		{3F499914-05BF-4233-BA40-F28C60495112}.Debug|Any CPU.ActiveCfg = Debug|Any CPU
		{3F499914-05BF-4233-BA40-F28C60495112}.Debug|Any CPU.Build.0 = Debug|Any CPU
		{3F499914-05BF-4233-BA40-F28C60495112}.Release|Any CPU.ActiveCfg = Release|Any CPU
		{3F499914-05BF-4233-BA40-F28C60495112}.Release|Any CPU.Build.0 = Release|Any CPU
		{008729BF-E910-40F5-B64E-97D2281C794F}.Debug|Any CPU.ActiveCfg = Debug|Any CPU
		{008729BF-E910-40F5-B64E-97D2281C794F}.Debug|Any CPU.Build.0 = Debug|Any CPU
		{008729BF-E910-40F5-B64E-97D2281C794F}.Release|Any CPU.ActiveCfg = Release|Any CPU
		{008729BF-E910-40F5-B64E-97D2281C794F}.Release|Any CPU.Build.0 = Release|Any CPU
		{8A0CE93C-A8D0-48EE-94DF-6689BF76E046}.Debug|Any CPU.ActiveCfg = Debug|Any CPU
		{8A0CE93C-A8D0-48EE-94DF-6689BF76E046}.Debug|Any CPU.Build.0 = Debug|Any CPU
		{8A0CE93C-A8D0-48EE-94DF-6689BF76E046}.Release|Any CPU.ActiveCfg = Release|Any CPU
		{8A0CE93C-A8D0-48EE-94DF-6689BF76E046}.Release|Any CPU.Build.0 = Release|Any CPU
		{3F8F629D-F746-4F7F-8CCC-D25FC3130E25}.Debug|Any CPU.ActiveCfg = Debug|Any CPU
		{3F8F629D-F746-4F7F-8CCC-D25FC3130E25}.Debug|Any CPU.Build.0 = Debug|Any CPU
		{3F8F629D-F746-4F7F-8CCC-D25FC3130E25}.Release|Any CPU.ActiveCfg = Release|Any CPU
		{3F8F629D-F746-4F7F-8CCC-D25FC3130E25}.Release|Any CPU.Build.0 = Release|Any CPU
		{4DA3A138-E57E-4EE2-A3C7-E1C2AFE155E2}.Debug|Any CPU.ActiveCfg = Debug|Any CPU
		{4DA3A138-E57E-4EE2-A3C7-E1C2AFE155E2}.Debug|Any CPU.Build.0 = Debug|Any CPU
		{4DA3A138-E57E-4EE2-A3C7-E1C2AFE155E2}.Release|Any CPU.ActiveCfg = Release|Any CPU
		{4DA3A138-E57E-4EE2-A3C7-E1C2AFE155E2}.Release|Any CPU.Build.0 = Release|Any CPU
	EndGlobalSection
	GlobalSection(SolutionProperties) = preSolution
		HideSolutionNode = FALSE
	EndGlobalSection
	GlobalSection(NestedProjects) = preSolution
		{CA8BD294-CA85-4F23-904D-29D77B83F521} = {6D785CB3-7496-449B-B01B-B4A141A1E81D}
		{3F499914-05BF-4233-BA40-F28C60495112} = {BC1AF5DA-E95B-4F65-8C3D-3A5B01A5443E}
		{008729BF-E910-40F5-B64E-97D2281C794F} = {C8890991-0E35-499E-A0DF-1EE8F461C0B5}
		{5D43C467-27E3-473C-9BF5-8DFEC853EC86} = {31DF00D8-B8D2-4C01-86D0-2E06F35644BE}
		{8A0CE93C-A8D0-48EE-94DF-6689BF76E046} = {5D43C467-27E3-473C-9BF5-8DFEC853EC86}
		{6D785CB3-7496-449B-B01B-B4A141A1E81D} = {31DF00D8-B8D2-4C01-86D0-2E06F35644BE}
		{C8890991-0E35-499E-A0DF-1EE8F461C0B5} = {31DF00D8-B8D2-4C01-86D0-2E06F35644BE}
		{BC1AF5DA-E95B-4F65-8C3D-3A5B01A5443E} = {31DF00D8-B8D2-4C01-86D0-2E06F35644BE}
		{3F8F629D-F746-4F7F-8CCC-D25FC3130E25} = {E0B6EA46-7173-43ED-A9FB-01DF0AAB39C6}
		{E0B6EA46-7173-43ED-A9FB-01DF0AAB39C6} = {31DF00D8-B8D2-4C01-86D0-2E06F35644BE}
		{4DA3A138-E57E-4EE2-A3C7-E1C2AFE155E2} = {BC1AF5DA-E95B-4F65-8C3D-3A5B01A5443E}
	EndGlobalSection
	GlobalSection(ExtensibilityGlobals) = postSolution
		SolutionGuid = {53F05C5F-8BC2-49F7-894A-6831C7B02947}
	EndGlobalSection
EndGlobal
